<Solution>
  <Folder Name="/Core/">
    <Project Path="Microsoft.Data.Entity.Design.Diagrams/Microsoft.Data.Entity.Design.Diagrams.csproj" Id="488b84c2-9358-4b90-bc2d-ed688939e6bb" />
    <Project Path="Microsoft.Data.Entity.Design.Edmx/Microsoft.Data.Entity.Design.Edmx.csproj" />
    <Project Path="Microsoft.Data.Entity.Design.EntityFramework/Microsoft.Data.Entity.Design.EntityFramework.csproj" />
    <Project Path="Microsoft.Data.Entity.Design.XmlEngine/Microsoft.Data.Entity.Design.XmlEngine.csproj" />
  </Folder>
  <Folder Name="/Deliverables/">
    <Project Path="Microsoft.VisualStudio.Data.Entity.Package/Microsoft.VisualStudio.Data.Entity.Package.csproj">
      <Deploy />
    </Project>
    <Project Path="Microsoft.Data.Entity.Design.Diagrams.Tools/Microsoft.Data.Entity.Design.Diagrams.Tools.csproj" />
  </Folder>
  <Folder Name="/Designer/">
    <Project Path="Microsoft.VisualStudio.Data.Entity.Extensibility/Microsoft.VisualStudio.Data.Entity.Extensibility.csproj" />
    <Project Path="Microsoft.VisualStudio.Data.Entity.EdmxDesigner/Microsoft.VisualStudio.Data.Entity.EdmxDesigner.csproj" />
    <Project Path="Microsoft.VisualStudio.Data.Entity.XmlDesigner/Microsoft.VisualStudio.Data.Entity.XmlDesigner.csproj" />
  </Folder>
  <Folder Name="/Output/">
    <Project Path="Microsoft.Data.Entity.Design.DatabaseGeneration/Microsoft.Data.Entity.Design.DatabaseGeneration.csproj" />
    <Project Path="Microsoft.Data.Entity.Design.Diagrams.Rendering/Microsoft.Data.Entity.Design.Diagrams.Rendering.csproj" />
  </Folder>
  <Folder Name="/Samples/">
    <Project Path="CloudNimble.EasyAF.EntityDesigner.Samples/CloudNimble.EasyAF.EntityDesigner.Samples.csproj" Id="bbd18da9-d8e4-4059-bba4-d021ed36a14e" />
  </Folder>
  <Folder Name="/Solution Items/">
    <File Path="NuGet.config" />
    <File Path="../README.md" />
    <File Path="Directory.Build.props" />
  </Folder>
  <Folder Name="/Tests/">
    <Project Path="Microsoft.Data.Entity.Tests.Design.DatabaseGeneration/Microsoft.Data.Entity.Tests.Design.DatabaseGeneration.csproj" />
    <Project Path="Microsoft.Data.Entity.Tests.Design.Diagrams/Microsoft.Data.Entity.Tests.Design.Diagrams.csproj" />
    <Project Path="Microsoft.VisualStudio.Data.Entity.Tests.Extensibility/Microsoft.VisualStudio.Data.Entity.Tests.Extensibility.csproj" />
    <Project Path="Microsoft.Data.Entity.Tests.Design.Edmx/Microsoft.Data.Entity.Tests.Design.Edmx.csproj" />
    <Project Path="Microsoft.VisualStudio.Data.Entity.Tests.Package/Microsoft.VisualStudio.Data.Entity.Tests.Package.csproj" />
    <Project Path="Microsoft.Data.Entity.Tests.Design.Diagrams.Rendering/Microsoft.Data.Entity.Tests.Design.Diagrams.Rendering.csproj" />
    <Project Path="Microsoft.Data.Entity.Tests.Design.EntityFramework/Microsoft.Data.Entity.Tests.Design.EntityFramework.csproj" />
    <Project Path="Microsoft.Data.Entity.Tests.Design/Microsoft.Data.Entity.Tests.Design.csproj" />
    <Project Path="Microsoft.Data.Entity.Tests.Shared/Microsoft.Data.Entity.Tests.Shared.csproj" Id="59a6ab41-2aca-4949-8fc8-dff1229d5a81" />
    <Project Path="Microsoft.Data.Entity.Tests.Design.XmlEngine/Microsoft.Data.Entity.Tests.Design.XmlEngine.csproj" />
    <Project Path="Microsoft.VisualStudio.Data.Entity.Tests.XmlDesigner/Microsoft.VisualStudio.Data.Entity.Tests.XmlDesigner.csproj" />
    <Project Path="Microsoft.VisualStudio.TestTools.VsIdeTesting/Microsoft.VisualStudio.TestTools.VsIdeTesting.csproj" Id="614ac98e-a68e-4eb4-af27-1cedba7ca3b4" />
  </Folder>
</Solution>
